
Microsoft Visual Studio Solution File, Format Version 12.00
# Visual Studio 15
VisualStudioVersion = 15.0.28010.2036
MinimumVisualStudioVersion = 10.0.40219.1
Project("{9092AA53-FB77-4645-B42D-1CCCA6BD08BD}") = "PokemonUtilities", "PokemonUtilities\PokemonUtilities.njsproj", "{4E6CEA87-77ED-4E4F-A628-EFF9CBD0B0FD}"
EndProject
Global
	GlobalSection(SolutionConfigurationPlatforms) = preSolution
		Debug|Any CPU = Debug|Any CPU
		Release|Any CPU = Release|Any CPU
	EndGlobalSection
	GlobalSection(ProjectConfigurationPlatforms) = postSolution
		{4E6CEA87-77ED-4E4F-A628-EFF9CBD0B0FD}.Debug|Any CPU.ActiveCfg = Debug|Any CPU
		{4E6CEA87-77ED-4E4F-A628-EFF9CBD0B0FD}.Debug|Any CPU.Build.0 = Debug|Any CPU
		{4E6CEA87-77ED-4E4F-A628-EFF9CBD0B0FD}.Release|Any CPU.ActiveCfg = Release|Any CPU
		{4E6CEA87-77ED-4E4F-A628-EFF9CBD0B0FD}.Release|Any CPU.Build.0 = Release|Any CPU
	EndGlobalSection
	GlobalSection(SolutionProperties) = preSolution
		HideSolutionNode = FALSE
	EndGlobalSection
	GlobalSection(ExtensibilityGlobals) = postSolution
		LessCompiler = 4e6cea87-77ed-4e4f-a628-eff9cbd0b0fd
		SolutionGuid = {40A94DDC-919E-4596-ADEF-5B52D6BE269F}
	EndGlobalSection
EndGlobal
